{
  "name": "boost",
  "version": "0.10.0",
  "lockfileVersion": 1,
  "requires": true,
  "dependencies": {
    "debug": {
      "version": "3.1.0",
      "resolved": "https://registry.npmjs.org/debug/-/debug-3.1.0.tgz",
      "integrity": "sha512-OX8XqP7/1a9cqkxYw2yXss15f26NKWBpDXQd0/uK/KPqdQhxbPa994hnzjcE2VqQpDslf55723cKPUOGSmMY3g==",
      "requires": {
        "ms": "2.0.0"
      }
    },
    "i18n-2": {
      "version": "0.7.2",
      "resolved": "https://registry.npmjs.org/i18n-2/-/i18n-2-0.7.2.tgz",
      "integrity": "sha512-Rdh6vfpNhL7q61cNf27x7QGULTi1TcGLVdFb5OJ6dOiJo+EkOTqEg0+3xgyeEMgYhopUBsh2IiSkFkjM+EhEmA==",
      "requires": {
        "debug": "3.1.0",
        "sprintf": "0.1.5"
      }
    },
    "ms": {
      "version": "2.0.0",
      "resolved": "https://registry.npmjs.org/ms/-/ms-2.0.0.tgz",
      "integrity": "sha1-VgiurfwAvmwpAd9fmGF4jeDVl8g="
    },
    "sprintf": {
      "version": "0.1.5",
      "resolved": "https://registry.npmjs.org/sprintf/-/sprintf-0.1.5.tgz",
      "integrity": "sha1-j4PjmpMXwaUCy324BQ5Rxnn27c8="
    }
  }
}
